
Microsoft Visual Studio Solution File, Format Version 12.00
# Visual Studio Version 17
VisualStudioVersion = 17.0.31903.59
MinimumVisualStudioVersion = 10.0.40219.1
Project("{FAE04EC0-301F-11D3-BF4B-00C04F79EFBC}") = "Client", "Client\Client.csproj", "{C907161B-0587-4410-816D-7D46EF1A0B63}"
EndProject
Project("{FAE04EC0-301F-11D3-BF4B-00C04F79EFBC}") = "Program", "Program\Program.csproj", "{53435F31-49E5-4062-A561-9EC0C63C3E82}"
EndProject
Project("{FAE04EC0-301F-11D3-BF4B-00C04F79EFBC}") = "Server", "Server\Server.csproj", "{F5A3607E-7B6A-4644-A44A-4E9200B820B8}"
EndProject
Global
	GlobalSection(SolutionConfigurationPlatforms) = preSolution
		Debug|Any CPU = Debug|Any CPU
		Release|Any CPU = Release|Any CPU
	EndGlobalSection
	GlobalSection(SolutionProperties) = preSolution
		HideSolutionNode = FALSE
	EndGlobalSection
	GlobalSection(ProjectConfigurationPlatforms) = postSolution
		{C907161B-0587-4410-816D-7D46EF1A0B63}.Debug|Any CPU.ActiveCfg = Debug|Any CPU
		{C907161B-0587-4410-816D-7D46EF1A0B63}.Debug|Any CPU.Build.0 = Debug|Any CPU
		{C907161B-0587-4410-816D-7D46EF1A0B63}.Release|Any CPU.ActiveCfg = Release|Any CPU
		{C907161B-0587-4410-816D-7D46EF1A0B63}.Release|Any CPU.Build.0 = Release|Any CPU
		{53435F31-49E5-4062-A561-9EC0C63C3E82}.Debug|Any CPU.ActiveCfg = Debug|Any CPU
		{53435F31-49E5-4062-A561-9EC0C63C3E82}.Debug|Any CPU.Build.0 = Debug|Any CPU
		{53435F31-49E5-4062-A561-9EC0C63C3E82}.Release|Any CPU.ActiveCfg = Release|Any CPU
		{53435F31-49E5-4062-A561-9EC0C63C3E82}.Release|Any CPU.Build.0 = Release|Any CPU
		{F5A3607E-7B6A-4644-A44A-4E9200B820B8}.Debug|Any CPU.ActiveCfg = Debug|Any CPU
		{F5A3607E-7B6A-4644-A44A-4E9200B820B8}.Debug|Any CPU.Build.0 = Debug|Any CPU
		{F5A3607E-7B6A-4644-A44A-4E9200B820B8}.Release|Any CPU.ActiveCfg = Release|Any CPU
		{F5A3607E-7B6A-4644-A44A-4E9200B820B8}.Release|Any CPU.Build.0 = Release|Any CPU
	EndGlobalSection
EndGlobal
